// !$*UTF8*$!
{
	archiveVersion = 1;
	classes = {
	};
	objectVersion = 47;
	objects = {

/* Begin PBXBuildFile section */
		7256DBEA1D73DD0100F51F58 /* LZQuartzShadowView.m in Sources */ = {isa = PBXBuildFile; fileRef = 7256DBE91D73DD0100F51F58 /* LZQuartzShadowView.m */; };
		7256DBEE1D73DDF500F51F58 /* UIBezierPath.storyboard in Resources */ = {isa = PBXBuildFile; fileRef = 7256DBED1D73DDF500F51F58 /* UIBezierPath.storyboard */; };
		7256DBF01D73DE1100F51F58 /* CGPath.storyboard in Resources */ = {isa = PBXBuildFile; fileRef = 7256DBEF1D73DE1100F51F58 /* CGPath.storyboard */; };
		7256DBF21D73DE4E00F51F58 /* PDF.storyboard in Resources */ = {isa = PBXBuildFile; fileRef = 7256DBF11D73DE4E00F51F58 /* PDF.storyboard */; };
		7256DBF41D73DE5C00F51F58 /* Image.storyboard in Resources */ = {isa = PBXBuildFile; fileRef = 7256DBF31D73DE5C00F51F58 /* Image.storyboard */; };
		7256DBF61D73DE6800F51F58 /* Text.storyboard in Resources */ = {isa = PBXBuildFile; fileRef = 7256DBF51D73DE6800F51F58 /* Text.storyboard */; };
		7256DBF81D73E0D400F51F58 /* Shadow.storyboard in Resources */ = {isa = PBXBuildFile; fileRef = 7256DBF71D73E0D400F51F58 /* Shadow.storyboard */; };
		7256DC021D74088200F51F58 /* LZCALayerView.m in Sources */ = {isa = PBXBuildFile; fileRef = 7256DC011D74088200F51F58 /* LZCALayerView.m */; };
		7256DC051D740A7700F51F58 /* LZAvatartImageView.m in Sources */ = {isa = PBXBuildFile; fileRef = 7256DC041D740A7700F51F58 /* LZAvatartImageView.m */; };
		727687DA1D68594100122644 /* Quartz2DTests.m in Sources */ = {isa = PBXBuildFile; fileRef = 727687D91D68594100122644 /* Quartz2DTests.m */; };
		72BE179B1D70808E00EB0B03 /* LZQuartzPDFView.m in Sources */ = {isa = PBXBuildFile; fileRef = 72BE179A1D70808E00EB0B03 /* LZQuartzPDFView.m */; };
		72BE179D1D713F8400EB0B03 /* quartz.pdf in Resources */ = {isa = PBXBuildFile; fileRef = 72BE179C1D713F8400EB0B03 /* quartz.pdf */; };
		72BE17A61D7183B700EB0B03 /* LZNavigationController.m in Sources */ = {isa = PBXBuildFile; fileRef = 72BE17A51D7183B700EB0B03 /* LZNavigationController.m */; };
		72BE17A91D71849F00EB0B03 /* LZQuartzImageView.m in Sources */ = {isa = PBXBuildFile; fileRef = 72BE17A81D71849F00EB0B03 /* LZQuartzImageView.m */; };
		72BE17AC1D7184AA00EB0B03 /* LZQuartzTextView.m in Sources */ = {isa = PBXBuildFile; fileRef = 72BE17AB1D7184AA00EB0B03 /* LZQuartzTextView.m */; };
		72C7165A1D707C570065AB6B /* AppDelegate.m in Sources */ = {isa = PBXBuildFile; fileRef = 72C716231D707C570065AB6B /* AppDelegate.m */; };
		72C7165B1D707C570065AB6B /* LZQuartzCapJoinWidthViewController.m in Sources */ = {isa = PBXBuildFile; fileRef = 72C716271D707C570065AB6B /* LZQuartzCapJoinWidthViewController.m */; };
		72C7165C1D707C570065AB6B /* LZQuartzBezierView.m in Sources */ = {isa = PBXBuildFile; fileRef = 72C7162A1D707C570065AB6B /* LZQuartzBezierView.m */; };
		72C7165D1D707C570065AB6B /* LZQuartzCapJoinWidthView.m in Sources */ = {isa = PBXBuildFile; fileRef = 72C7162C1D707C570065AB6B /* LZQuartzCapJoinWidthView.m */; };
		72C7165E1D707C570065AB6B /* LZQuartzDashView.m in Sources */ = {isa = PBXBuildFile; fileRef = 72C7162E1D707C570065AB6B /* LZQuartzDashView.m */; };
		72C7165F1D707C570065AB6B /* LZQuartzEllipseArcView.m in Sources */ = {isa = PBXBuildFile; fileRef = 72C716301D707C570065AB6B /* LZQuartzEllipseArcView.m */; };
		72C716601D707C570065AB6B /* LZQuartzLineView.m in Sources */ = {isa = PBXBuildFile; fileRef = 72C716321D707C570065AB6B /* LZQuartzLineView.m */; };
		72C716611D707C570065AB6B /* LZQuartzPathDrawingModeView.m in Sources */ = {isa = PBXBuildFile; fileRef = 72C716341D707C570065AB6B /* LZQuartzPathDrawingModeView.m */; };
		72C716621D707C570065AB6B /* LZQuartzRectView.m in Sources */ = {isa = PBXBuildFile; fileRef = 72C716361D707C570065AB6B /* LZQuartzRectView.m */; };
		72C716641D707C570065AB6B /* main.m in Sources */ = {isa = PBXBuildFile; fileRef = 72C7163C1D707C570065AB6B /* main.m */; };
		72C716651D707C570065AB6B /* LZCapJoinWidthViewController.m in Sources */ = {isa = PBXBuildFile; fileRef = 72C716461D707C570065AB6B /* LZCapJoinWidthViewController.m */; };
		72C716661D707C570065AB6B /* LZProgressViewController.m in Sources */ = {isa = PBXBuildFile; fileRef = 72C716481D707C570065AB6B /* LZProgressViewController.m */; };
		72C716671D707C570065AB6B /* LZArcView.m in Sources */ = {isa = PBXBuildFile; fileRef = 72C7164B1D707C570065AB6B /* LZArcView.m */; };
		72C716681D707C570065AB6B /* LZCapJoinWidthView.m in Sources */ = {isa = PBXBuildFile; fileRef = 72C7164D1D707C570065AB6B /* LZCapJoinWidthView.m */; };
		72C716691D707C570065AB6B /* LZCurveView.m in Sources */ = {isa = PBXBuildFile; fileRef = 72C7164F1D707C570065AB6B /* LZCurveView.m */; };
		72C7166A1D707C570065AB6B /* LZLineView.m in Sources */ = {isa = PBXBuildFile; fileRef = 72C716511D707C570065AB6B /* LZLineView.m */; };
		72C7166B1D707C570065AB6B /* LZProgressView.m in Sources */ = {isa = PBXBuildFile; fileRef = 72C716531D707C570065AB6B /* LZProgressView.m */; };
		72C7166C1D707C570065AB6B /* LZRectangleView.m in Sources */ = {isa = PBXBuildFile; fileRef = 72C716551D707C570065AB6B /* LZRectangleView.m */; };
		72C7166E1D707C570065AB6B /* LaunchScreen.storyboard in Resources */ = {isa = PBXBuildFile; fileRef = 72C716581D707C570065AB6B /* LaunchScreen.storyboard */; };
		72C7166F1D707C570065AB6B /* Main.storyboard in Resources */ = {isa = PBXBuildFile; fileRef = 72C716591D707C570065AB6B /* Main.storyboard */; };
		72C716731D707CA20065AB6B /* Images.xcassets in Resources */ = {isa = PBXBuildFile; fileRef = 72C716721D707CA20065AB6B /* Images.xcassets */; };
		72C716781D707D630065AB6B /* LZQuartzView.m in Sources */ = {isa = PBXBuildFile; fileRef = 72C716771D707D630065AB6B /* LZQuartzView.m */; };
/* End PBXBuildFile section */

/* Begin PBXContainerItemProxy section */
		727687D61D68594100122644 /* PBXContainerItemProxy */ = {
			isa = PBXContainerItemProxy;
			containerPortal = 727687B41D68594000122644 /* Project object */;
			proxyType = 1;
			remoteGlobalIDString = 727687BB1D68594000122644;
			remoteInfo = Quartz2D;
		};
/* End PBXContainerItemProxy section */

/* Begin PBXFileReference section */
		7256DBE81D73DD0100F51F58 /* LZQuartzShadowView.h */ = {isa = PBXFileReference; fileEncoding = 4; lastKnownFileType = sourcecode.c.h; path = LZQuartzShadowView.h; sourceTree = "<group>"; };
		7256DBE91D73DD0100F51F58 /* LZQuartzShadowView.m */ = {isa = PBXFileReference; fileEncoding = 4; lastKnownFileType = sourcecode.c.objc; path = LZQuartzShadowView.m; sourceTree = "<group>"; };
		7256DBED1D73DDF500F51F58 /* UIBezierPath.storyboard */ = {isa = PBXFileReference; fileEncoding = 4; lastKnownFileType = file.storyboard; path = UIBezierPath.storyboard; sourceTree = "<group>"; };
		7256DBEF1D73DE1100F51F58 /* CGPath.storyboard */ = {isa = PBXFileReference; fileEncoding = 4; lastKnownFileType = file.storyboard; path = CGPath.storyboard; sourceTree = "<group>"; };
		7256DBF11D73DE4E00F51F58 /* PDF.storyboard */ = {isa = PBXFileReference; fileEncoding = 4; lastKnownFileType = file.storyboard; path = PDF.storyboard; sourceTree = "<group>"; };
		7256DBF31D73DE5C00F51F58 /* Image.storyboard */ = {isa = PBXFileReference; fileEncoding = 4; lastKnownFileType = file.storyboard; path = Image.storyboard; sourceTree = "<group>"; };
		7256DBF51D73DE6800F51F58 /* Text.storyboard */ = {isa = PBXFileReference; fileEncoding = 4; lastKnownFileType = file.storyboard; path = Text.storyboard; sourceTree = "<group>"; };
		7256DBF71D73E0D400F51F58 /* Shadow.storyboard */ = {isa = PBXFileReference; fileEncoding = 4; lastKnownFileType = file.storyboard; path = Shadow.storyboard; sourceTree = "<group>"; };
		7256DC001D74088200F51F58 /* LZCALayerView.h */ = {isa = PBXFileReference; fileEncoding = 4; lastKnownFileType = sourcecode.c.h; path = LZCALayerView.h; sourceTree = "<group>"; };
		7256DC011D74088200F51F58 /* LZCALayerView.m */ = {isa = PBXFileReference; fileEncoding = 4; lastKnownFileType = sourcecode.c.objc; path = LZCALayerView.m; sourceTree = "<group>"; };
		7256DC031D740A7700F51F58 /* LZAvatartImageView.h */ = {isa = PBXFileReference; fileEncoding = 4; lastKnownFileType = sourcecode.c.h; path = LZAvatartImageView.h; sourceTree = "<group>"; };
		7256DC041D740A7700F51F58 /* LZAvatartImageView.m */ = {isa = PBXFileReference; fileEncoding = 4; lastKnownFileType = sourcecode.c.objc; path = LZAvatartImageView.m; sourceTree = "<group>"; };
		727687BC1D68594000122644 /* Quartz2D.app */ = {isa = PBXFileReference; explicitFileType = wrapper.application; includeInIndex = 0; path = Quartz2D.app; sourceTree = BUILT_PRODUCTS_DIR; };
		727687D51D68594100122644 /* Quartz2DTests.xctest */ = {isa = PBXFileReference; explicitFileType = wrapper.cfbundle; includeInIndex = 0; path = Quartz2DTests.xctest; sourceTree = BUILT_PRODUCTS_DIR; };
		727687D91D68594100122644 /* Quartz2DTests.m */ = {isa = PBXFileReference; lastKnownFileType = sourcecode.c.objc; path = Quartz2DTests.m; sourceTree = "<group>"; };
		727687DB1D68594100122644 /* Info.plist */ = {isa = PBXFileReference; lastKnownFileType = text.plist.xml; path = Info.plist; sourceTree = "<group>"; };
		72BE17991D70808E00EB0B03 /* LZQuartzPDFView.h */ = {isa = PBXFileReference; fileEncoding = 4; lastKnownFileType = sourcecode.c.h; path = LZQuartzPDFView.h; sourceTree = "<group>"; };
		72BE179A1D70808E00EB0B03 /* LZQuartzPDFView.m */ = {isa = PBXFileReference; fileEncoding = 4; lastKnownFileType = sourcecode.c.objc; path = LZQuartzPDFView.m; sourceTree = "<group>"; };
		72BE179C1D713F8400EB0B03 /* quartz.pdf */ = {isa = PBXFileReference; lastKnownFileType = image.pdf; path = quartz.pdf; sourceTree = "<group>"; };
		72BE17A41D7183B700EB0B03 /* LZNavigationController.h */ = {isa = PBXFileReference; fileEncoding = 4; lastKnownFileType = sourcecode.c.h; path = LZNavigationController.h; sourceTree = "<group>"; };
		72BE17A51D7183B700EB0B03 /* LZNavigationController.m */ = {isa = PBXFileReference; fileEncoding = 4; lastKnownFileType = sourcecode.c.objc; path = LZNavigationController.m; sourceTree = "<group>"; };
		72BE17A71D71849E00EB0B03 /* LZQuartzImageView.h */ = {isa = PBXFileReference; fileEncoding = 4; lastKnownFileType = sourcecode.c.h; path = LZQuartzImageView.h; sourceTree = "<group>"; };
		72BE17A81D71849F00EB0B03 /* LZQuartzImageView.m */ = {isa = PBXFileReference; fileEncoding = 4; lastKnownFileType = sourcecode.c.objc; path = LZQuartzImageView.m; sourceTree = "<group>"; };
		72BE17AA1D7184AA00EB0B03 /* LZQuartzTextView.h */ = {isa = PBXFileReference; fileEncoding = 4; lastKnownFileType = sourcecode.c.h; path = LZQuartzTextView.h; sourceTree = "<group>"; };
		72BE17AB1D7184AA00EB0B03 /* LZQuartzTextView.m */ = {isa = PBXFileReference; fileEncoding = 4; lastKnownFileType = sourcecode.c.objc; path = LZQuartzTextView.m; sourceTree = "<group>"; };
		72C716221D707C570065AB6B /* AppDelegate.h */ = {isa = PBXFileReference; fileEncoding = 4; lastKnownFileType = sourcecode.c.h; path = AppDelegate.h; sourceTree = "<group>"; };
		72C716231D707C570065AB6B /* AppDelegate.m */ = {isa = PBXFileReference; fileEncoding = 4; lastKnownFileType = sourcecode.c.objc; path = AppDelegate.m; sourceTree = "<group>"; };
		72C716261D707C570065AB6B /* LZQuartzCapJoinWidthViewController.h */ = {isa = PBXFileReference; fileEncoding = 4; lastKnownFileType = sourcecode.c.h; path = LZQuartzCapJoinWidthViewController.h; sourceTree = "<group>"; };
		72C716271D707C570065AB6B /* LZQuartzCapJoinWidthViewController.m */ = {isa = PBXFileReference; fileEncoding = 4; lastKnownFileType = sourcecode.c.objc; path = LZQuartzCapJoinWidthViewController.m; sourceTree = "<group>"; };
		72C716291D707C570065AB6B /* LZQuartzBezierView.h */ = {isa = PBXFileReference; fileEncoding = 4; lastKnownFileType = sourcecode.c.h; path = LZQuartzBezierView.h; sourceTree = "<group>"; };
		72C7162A1D707C570065AB6B /* LZQuartzBezierView.m */ = {isa = PBXFileReference; fileEncoding = 4; lastKnownFileType = sourcecode.c.objc; path = LZQuartzBezierView.m; sourceTree = "<group>"; };
		72C7162B1D707C570065AB6B /* LZQuartzCapJoinWidthView.h */ = {isa = PBXFileReference; fileEncoding = 4; lastKnownFileType = sourcecode.c.h; path = LZQuartzCapJoinWidthView.h; sourceTree = "<group>"; };
		72C7162C1D707C570065AB6B /* LZQuartzCapJoinWidthView.m */ = {isa = PBXFileReference; fileEncoding = 4; lastKnownFileType = sourcecode.c.objc; path = LZQuartzCapJoinWidthView.m; sourceTree = "<group>"; };
		72C7162D1D707C570065AB6B /* LZQuartzDashView.h */ = {isa = PBXFileReference; fileEncoding = 4; lastKnownFileType = sourcecode.c.h; path = LZQuartzDashView.h; sourceTree = "<group>"; };
		72C7162E1D707C570065AB6B /* LZQuartzDashView.m */ = {isa = PBXFileReference; fileEncoding = 4; lastKnownFileType = sourcecode.c.objc; path = LZQuartzDashView.m; sourceTree = "<group>"; };
		72C7162F1D707C570065AB6B /* LZQuartzEllipseArcView.h */ = {isa = PBXFileReference; fileEncoding = 4; lastKnownFileType = sourcecode.c.h; path = LZQuartzEllipseArcView.h; sourceTree = "<group>"; };
		72C716301D707C570065AB6B /* LZQuartzEllipseArcView.m */ = {isa = PBXFileReference; fileEncoding = 4; lastKnownFileType = sourcecode.c.objc; path = LZQuartzEllipseArcView.m; sourceTree = "<group>"; };
		72C716311D707C570065AB6B /* LZQuartzLineView.h */ = {isa = PBXFileReference; fileEncoding = 4; lastKnownFileType = sourcecode.c.h; path = LZQuartzLineView.h; sourceTree = "<group>"; };
		72C716321D707C570065AB6B /* LZQuartzLineView.m */ = {isa = PBXFileReference; fileEncoding = 4; lastKnownFileType = sourcecode.c.objc; path = LZQuartzLineView.m; sourceTree = "<group>"; };
		72C716331D707C570065AB6B /* LZQuartzPathDrawingModeView.h */ = {isa = PBXFileReference; fileEncoding = 4; lastKnownFileType = sourcecode.c.h; path = LZQuartzPathDrawingModeView.h; sourceTree = "<group>"; };
		72C716341D707C570065AB6B /* LZQuartzPathDrawingModeView.m */ = {isa = PBXFileReference; fileEncoding = 4; lastKnownFileType = sourcecode.c.objc; path = LZQuartzPathDrawingModeView.m; sourceTree = "<group>"; };
		72C716351D707C570065AB6B /* LZQuartzRectView.h */ = {isa = PBXFileReference; fileEncoding = 4; lastKnownFileType = sourcecode.c.h; path = LZQuartzRectView.h; sourceTree = "<group>"; };
		72C716361D707C570065AB6B /* LZQuartzRectView.m */ = {isa = PBXFileReference; fileEncoding = 4; lastKnownFileType = sourcecode.c.objc; path = LZQuartzRectView.m; sourceTree = "<group>"; };
		72C7163C1D707C570065AB6B /* main.m */ = {isa = PBXFileReference; fileEncoding = 4; lastKnownFileType = sourcecode.c.objc; path = main.m; sourceTree = "<group>"; };
		72C716451D707C570065AB6B /* LZCapJoinWidthViewController.h */ = {isa = PBXFileReference; fileEncoding = 4; lastKnownFileType = sourcecode.c.h; path = LZCapJoinWidthViewController.h; sourceTree = "<group>"; };
		72C716461D707C570065AB6B /* LZCapJoinWidthViewController.m */ = {isa = PBXFileReference; fileEncoding = 4; lastKnownFileType = sourcecode.c.objc; path = LZCapJoinWidthViewController.m; sourceTree = "<group>"; };
		72C716471D707C570065AB6B /* LZProgressViewController.h */ = {isa = PBXFileReference; fileEncoding = 4; lastKnownFileType = sourcecode.c.h; path = LZProgressViewController.h; sourceTree = "<group>"; };
		72C716481D707C570065AB6B /* LZProgressViewController.m */ = {isa = PBXFileReference; fileEncoding = 4; lastKnownFileType = sourcecode.c.objc; path = LZProgressViewController.m; sourceTree = "<group>"; };
		72C7164A1D707C570065AB6B /* LZArcView.h */ = {isa = PBXFileReference; fileEncoding = 4; lastKnownFileType = sourcecode.c.h; path = LZArcView.h; sourceTree = "<group>"; };
		72C7164B1D707C570065AB6B /* LZArcView.m */ = {isa = PBXFileReference; fileEncoding = 4; lastKnownFileType = sourcecode.c.objc; path = LZArcView.m; sourceTree = "<group>"; };
		72C7164C1D707C570065AB6B /* LZCapJoinWidthView.h */ = {isa = PBXFileReference; fileEncoding = 4; lastKnownFileType = sourcecode.c.h; path = LZCapJoinWidthView.h; sourceTree = "<group>"; };
		72C7164D1D707C570065AB6B /* LZCapJoinWidthView.m */ = {isa = PBXFileReference; fileEncoding = 4; lastKnownFileType = sourcecode.c.objc; path = LZCapJoinWidthView.m; sourceTree = "<group>"; };
		72C7164E1D707C570065AB6B /* LZCurveView.h */ = {isa = PBXFileReference; fileEncoding = 4; lastKnownFileType = sourcecode.c.h; path = LZCurveView.h; sourceTree = "<group>"; };
		72C7164F1D707C570065AB6B /* LZCurveView.m */ = {isa = PBXFileReference; fileEncoding = 4; lastKnownFileType = sourcecode.c.objc; path = LZCurveView.m; sourceTree = "<group>"; };
		72C716501D707C570065AB6B /* LZLineView.h */ = {isa = PBXFileReference; fileEncoding = 4; lastKnownFileType = sourcecode.c.h; path = LZLineView.h; sourceTree = "<group>"; };
		72C716511D707C570065AB6B /* LZLineView.m */ = {isa = PBXFileReference; fileEncoding = 4; lastKnownFileType = sourcecode.c.objc; path = LZLineView.m; sourceTree = "<group>"; };
		72C716521D707C570065AB6B /* LZProgressView.h */ = {isa = PBXFileReference; fileEncoding = 4; lastKnownFileType = sourcecode.c.h; path = LZProgressView.h; sourceTree = "<group>"; };
		72C716531D707C570065AB6B /* LZProgressView.m */ = {isa = PBXFileReference; fileEncoding = 4; lastKnownFileType = sourcecode.c.objc; path = LZProgressView.m; sourceTree = "<group>"; };
		72C716541D707C570065AB6B /* LZRectangleView.h */ = {isa = PBXFileReference; fileEncoding = 4; lastKnownFileType = sourcecode.c.h; path = LZRectangleView.h; sourceTree = "<group>"; };
		72C716551D707C570065AB6B /* LZRectangleView.m */ = {isa = PBXFileReference; fileEncoding = 4; lastKnownFileType = sourcecode.c.objc; path = LZRectangleView.m; sourceTree = "<group>"; };
		72C716571D707C570065AB6B /* Info.plist */ = {isa = PBXFileReference; fileEncoding = 4; lastKnownFileType = text.plist.xml; path = Info.plist; sourceTree = "<group>"; };
		72C716581D707C570065AB6B /* LaunchScreen.storyboard */ = {isa = PBXFileReference; fileEncoding = 4; lastKnownFileType = file.storyboard; path = LaunchScreen.storyboard; sourceTree = "<group>"; };
		72C716591D707C570065AB6B /* Main.storyboard */ = {isa = PBXFileReference; fileEncoding = 4; lastKnownFileType = file.storyboard; path = Main.storyboard; sourceTree = "<group>"; };
		72C716721D707CA20065AB6B /* Images.xcassets */ = {isa = PBXFileReference; lastKnownFileType = folder.assetcatalog; path = Images.xcassets; sourceTree = "<group>"; };
		72C716761D707D630065AB6B /* LZQuartzView.h */ = {isa = PBXFileReference; fileEncoding = 4; lastKnownFileType = sourcecode.c.h; path = LZQuartzView.h; sourceTree = "<group>"; };
		72C716771D707D630065AB6B /* LZQuartzView.m */ = {isa = PBXFileReference; fileEncoding = 4; lastKnownFileType = sourcecode.c.objc; path = LZQuartzView.m; sourceTree = "<group>"; };
/* End PBXFileReference section */

/* Begin PBXFrameworksBuildPhase section */
		727687B91D68594000122644 /* Frameworks */ = {
			isa = PBXFrameworksBuildPhase;
			buildActionMask = 2147483647;
			files = (
			);
			runOnlyForDeploymentPostprocessing = 0;
		};
		727687D21D68594100122644 /* Frameworks */ = {
			isa = PBXFrameworksBuildPhase;
			buildActionMask = 2147483647;
			files = (
			);
			runOnlyForDeploymentPostprocessing = 0;
		};
/* End PBXFrameworksBuildPhase section */

/* Begin PBXGroup section */
		7256DBE61D73DCDE00F51F58 /* Shadow */ = {
			isa = PBXGroup;
			children = (
				7256DBE71D73DCDE00F51F58 /* Views */,
			);
			path = Shadow;
			sourceTree = "<group>";
		};
		7256DBE71D73DCDE00F51F58 /* Views */ = {
			isa = PBXGroup;
			children = (
				7256DBE81D73DD0100F51F58 /* LZQuartzShadowView.h */,
				7256DBE91D73DD0100F51F58 /* LZQuartzShadowView.m */,
				7256DC001D74088200F51F58 /* LZCALayerView.h */,
				7256DC011D74088200F51F58 /* LZCALayerView.m */,
				7256DC031D740A7700F51F58 /* LZAvatartImageView.h */,
				7256DC041D740A7700F51F58 /* LZAvatartImageView.m */,
			);
			path = Views;
			sourceTree = "<group>";
		};
		727687B31D68594000122644 = {
			isa = PBXGroup;
			children = (
				727687BE1D68594000122644 /* Quartz2D */,
				727687D81D68594100122644 /* Quartz2DTests */,
				727687BD1D68594000122644 /* Products */,
			);
			sourceTree = "<group>";
		};
		727687BD1D68594000122644 /* Products */ = {
			isa = PBXGroup;
			children = (
				727687BC1D68594000122644 /* Quartz2D.app */,
				727687D51D68594100122644 /* Quartz2DTests.xctest */,
			);
			name = Products;
			sourceTree = "<group>";
		};
		727687BE1D68594000122644 /* Quartz2D */ = {
			isa = PBXGroup;
			children = (
				72C716211D707C570065AB6B /* Classes */,
				72C716561D707C570065AB6B /* Resources */,
			);
			path = Quartz2D;
			sourceTree = "<group>";
		};
		727687D81D68594100122644 /* Quartz2DTests */ = {
			isa = PBXGroup;
			children = (
				727687D91D68594100122644 /* Quartz2DTests.m */,
				727687DB1D68594100122644 /* Info.plist */,
			);
			path = Quartz2DTests;
			sourceTree = "<group>";
		};
		72C716211D707C570065AB6B /* Classes */ = {
			isa = PBXGroup;
			children = (
				72C716221D707C570065AB6B /* AppDelegate.h */,
				72C716231D707C570065AB6B /* AppDelegate.m */,
				72C7163C1D707C570065AB6B /* main.m */,
				72C716761D707D630065AB6B /* LZQuartzView.h */,
				72C716771D707D630065AB6B /* LZQuartzView.m */,
				72BE17A41D7183B700EB0B03 /* LZNavigationController.h */,
				72BE17A51D7183B700EB0B03 /* LZNavigationController.m */,
				72C716241D707C570065AB6B /* CGPathRef */,
				72C716391D707C570065AB6B /* Image */,
				72C7163D1D707C570065AB6B /* PDF */,
				7256DBE61D73DCDE00F51F58 /* Shadow */,
				72C716401D707C570065AB6B /* Text */,
				72C716431D707C570065AB6B /* UIBezierPath */,
			);
			path = Classes;
			sourceTree = "<group>";
		};
		72C716241D707C570065AB6B /* CGPathRef */ = {
			isa = PBXGroup;
			children = (
				72C716251D707C570065AB6B /* ViewControllers */,
				72C716281D707C570065AB6B /* Views */,
			);
			path = CGPathRef;
			sourceTree = "<group>";
		};
		72C716251D707C570065AB6B /* ViewControllers */ = {
			isa = PBXGroup;
			children = (
				72C716261D707C570065AB6B /* LZQuartzCapJoinWidthViewController.h */,
				72C716271D707C570065AB6B /* LZQuartzCapJoinWidthViewController.m */,
			);
			path = ViewControllers;
			sourceTree = "<group>";
		};
		72C716281D707C570065AB6B /* Views */ = {
			isa = PBXGroup;
			children = (
				72C716291D707C570065AB6B /* LZQuartzBezierView.h */,
				72C7162A1D707C570065AB6B /* LZQuartzBezierView.m */,
				72C7162B1D707C570065AB6B /* LZQuartzCapJoinWidthView.h */,
				72C7162C1D707C570065AB6B /* LZQuartzCapJoinWidthView.m */,
				72C7162D1D707C570065AB6B /* LZQuartzDashView.h */,
				72C7162E1D707C570065AB6B /* LZQuartzDashView.m */,
				72C7162F1D707C570065AB6B /* LZQuartzEllipseArcView.h */,
				72C716301D707C570065AB6B /* LZQuartzEllipseArcView.m */,
				72C716311D707C570065AB6B /* LZQuartzLineView.h */,
				72C716321D707C570065AB6B /* LZQuartzLineView.m */,
				72C716331D707C570065AB6B /* LZQuartzPathDrawingModeView.h */,
				72C716341D707C570065AB6B /* LZQuartzPathDrawingModeView.m */,
				72C716351D707C570065AB6B /* LZQuartzRectView.h */,
				72C716361D707C570065AB6B /* LZQuartzRectView.m */,
			);
			path = Views;
			sourceTree = "<group>";
		};
		72C716391D707C570065AB6B /* Image */ = {
			isa = PBXGroup;
			children = (
				72C7163A1D707C570065AB6B /* ViewControllers */,
				72C7163B1D707C570065AB6B /* Views */,
			);
			path = Image;
			sourceTree = "<group>";
		};
		72C7163A1D707C570065AB6B /* ViewControllers */ = {
			isa = PBXGroup;
			children = (
			);
			path = ViewControllers;
			sourceTree = "<group>";
		};
		72C7163B1D707C570065AB6B /* Views */ = {
			isa = PBXGroup;
			children = (
				72BE17A71D71849E00EB0B03 /* LZQuartzImageView.h */,
				72BE17A81D71849F00EB0B03 /* LZQuartzImageView.m */,
			);
			path = Views;
			sourceTree = "<group>";
		};
		72C7163D1D707C570065AB6B /* PDF */ = {
			isa = PBXGroup;
			children = (
				72C7163E1D707C570065AB6B /* ViewControllers */,
				72C7163F1D707C570065AB6B /* Views */,
			);
			path = PDF;
			sourceTree = "<group>";
		};
		72C7163E1D707C570065AB6B /* ViewControllers */ = {
			isa = PBXGroup;
			children = (
			);
			path = ViewControllers;
			sourceTree = "<group>";
		};
		72C7163F1D707C570065AB6B /* Views */ = {
			isa = PBXGroup;
			children = (
				72BE17991D70808E00EB0B03 /* LZQuartzPDFView.h */,
				72BE179A1D70808E00EB0B03 /* LZQuartzPDFView.m */,
			);
			path = Views;
			sourceTree = "<group>";
		};
		72C716401D707C570065AB6B /* Text */ = {
			isa = PBXGroup;
			children = (
				72C716411D707C570065AB6B /* ViewControllers */,
				72C716421D707C570065AB6B /* Views */,
			);
			path = Text;
			sourceTree = "<group>";
		};
		72C716411D707C570065AB6B /* ViewControllers */ = {
			isa = PBXGroup;
			children = (
			);
			path = ViewControllers;
			sourceTree = "<group>";
		};
		72C716421D707C570065AB6B /* Views */ = {
			isa = PBXGroup;
			children = (
				72BE17AA1D7184AA00EB0B03 /* LZQuartzTextView.h */,
				72BE17AB1D7184AA00EB0B03 /* LZQuartzTextView.m */,
			);
			path = Views;
			sourceTree = "<group>";
		};
		72C716431D707C570065AB6B /* UIBezierPath */ = {
			isa = PBXGroup;
			children = (
				72C716441D707C570065AB6B /* ViewControllers */,
				72C716491D707C570065AB6B /* Views */,
			);
			path = UIBezierPath;
			sourceTree = "<group>";
		};
		72C716441D707C570065AB6B /* ViewControllers */ = {
			isa = PBXGroup;
			children = (
				72C716451D707C570065AB6B /* LZCapJoinWidthViewController.h */,
				72C716461D707C570065AB6B /* LZCapJoinWidthViewController.m */,
				72C716471D707C570065AB6B /* LZProgressViewController.h */,
				72C716481D707C570065AB6B /* LZProgressViewController.m */,
			);
			path = ViewControllers;
			sourceTree = "<group>";
		};
		72C716491D707C570065AB6B /* Views */ = {
			isa = PBXGroup;
			children = (
				72C7164A1D707C570065AB6B /* LZArcView.h */,
				72C7164B1D707C570065AB6B /* LZArcView.m */,
				72C7164C1D707C570065AB6B /* LZCapJoinWidthView.h */,
				72C7164D1D707C570065AB6B /* LZCapJoinWidthView.m */,
				72C7164E1D707C570065AB6B /* LZCurveView.h */,
				72C7164F1D707C570065AB6B /* LZCurveView.m */,
				72C716501D707C570065AB6B /* LZLineView.h */,
				72C716511D707C570065AB6B /* LZLineView.m */,
				72C716521D707C570065AB6B /* LZProgressView.h */,
				72C716531D707C570065AB6B /* LZProgressView.m */,
				72C716541D707C570065AB6B /* LZRectangleView.h */,
				72C716551D707C570065AB6B /* LZRectangleView.m */,
			);
			path = Views;
			sourceTree = "<group>";
		};
		72C716561D707C570065AB6B /* Resources */ = {
			isa = PBXGroup;
			children = (
				72BE179C1D713F8400EB0B03 /* quartz.pdf */,
				72C716721D707CA20065AB6B /* Images.xcassets */,
				72C716571D707C570065AB6B /* Info.plist */,
				72C716581D707C570065AB6B /* LaunchScreen.storyboard */,
				72C716591D707C570065AB6B /* Main.storyboard */,
				7256DBF71D73E0D400F51F58 /* Shadow.storyboard */,
				7256DBF51D73DE6800F51F58 /* Text.storyboard */,
				7256DBF31D73DE5C00F51F58 /* Image.storyboard */,
				7256DBF11D73DE4E00F51F58 /* PDF.storyboard */,
				7256DBEF1D73DE1100F51F58 /* CGPath.storyboard */,
				7256DBED1D73DDF500F51F58 /* UIBezierPath.storyboard */,
			);
			path = Resources;
			sourceTree = "<group>";
		};
/* End PBXGroup section */

/* Begin PBXNativeTarget section */
		727687BB1D68594000122644 /* Quartz2D */ = {
			isa = PBXNativeTarget;
			buildConfigurationList = 727687DE1D68594100122644 /* Build configuration list for PBXNativeTarget "Quartz2D" */;
			buildPhases = (
				727687B81D68594000122644 /* Sources */,
				727687B91D68594000122644 /* Frameworks */,
				727687BA1D68594000122644 /* Resources */,
			);
			buildRules = (
			);
			dependencies = (
			);
			name = Quartz2D;
			productName = Quartz2D;
			productReference = 727687BC1D68594000122644 /* Quartz2D.app */;
			productType = "com.apple.product-type.application";
		};
		727687D41D68594100122644 /* Quartz2DTests */ = {
			isa = PBXNativeTarget;
			buildConfigurationList = 727687E11D68594100122644 /* Build configuration list for PBXNativeTarget "Quartz2DTests" */;
			buildPhases = (
				727687D11D68594100122644 /* Sources */,
				727687D21D68594100122644 /* Frameworks */,
				727687D31D68594100122644 /* Resources */,
			);
			buildRules = (
			);
			dependencies = (
				727687D71D68594100122644 /* PBXTargetDependency */,
			);
			name = Quartz2DTests;
			productName = Quartz2DTests;
			productReference = 727687D51D68594100122644 /* Quartz2DTests.xctest */;
			productType = "com.apple.product-type.bundle.unit-test";
		};
/* End PBXNativeTarget section */

/* Begin PBXProject section */
		727687B41D68594000122644 /* Project object */ = {
			isa = PBXProject;
			attributes = {
				CLASSPREFIX = LZ;
				LastUpgradeCheck = 0730;
				ORGANIZATIONNAME = "三只小猪";
				TargetAttributes = {
					727687BB1D68594000122644 = {
						CreatedOnToolsVersion = 7.3;
					};
					727687D41D68594100122644 = {
						CreatedOnToolsVersion = 7.3;
						TestTargetID = 727687BB1D68594000122644;
					};
				};
			};
			buildConfigurationList = 727687B71D68594000122644 /* Build configuration list for PBXProject "Quartz2D" */;
			compatibilityVersion = "Xcode 6.3";
			developmentRegion = English;
			hasScannedForEncodings = 0;
			knownRegions = (
				en,
				Base,
			);
			mainGroup = 727687B31D68594000122644;
			productRefGroup = 727687BD1D68594000122644 /* Products */;
			projectDirPath = "";
			projectRoot = "";
			targets = (
				727687BB1D68594000122644 /* Quartz2D */,
				727687D41D68594100122644 /* Quartz2DTests */,
			);
		};
/* End PBXProject section */

/* Begin PBXResourcesBuildPhase section */
		727687BA1D68594000122644 /* Resources */ = {
			isa = PBXResourcesBuildPhase;
			buildActionMask = 2147483647;
			files = (
				72BE179D1D713F8400EB0B03 /* quartz.pdf in Resources */,
				7256DBEE1D73DDF500F51F58 /* UIBezierPath.storyboard in Resources */,
				7256DBF41D73DE5C00F51F58 /* Image.storyboard in Resources */,
				72C7166F1D707C570065AB6B /* Main.storyboard in Resources */,
				72C716731D707CA20065AB6B /* Images.xcassets in Resources */,
				72C7166E1D707C570065AB6B /* LaunchScreen.storyboard in Resources */,
				7256DBF61D73DE6800F51F58 /* Text.storyboard in Resources */,
				7256DBF21D73DE4E00F51F58 /* PDF.storyboard in Resources */,
				7256DBF81D73E0D400F51F58 /* Shadow.storyboard in Resources */,
				7256DBF01D73DE1100F51F58 /* CGPath.storyboard in Resources */,
			);
			runOnlyForDeploymentPostprocessing = 0;
		};
		727687D31D68594100122644 /* Resources */ = {
			isa = PBXResourcesBuildPhase;
			buildActionMask = 2147483647;
			files = (
			);
			runOnlyForDeploymentPostprocessing = 0;
		};
/* End PBXResourcesBuildPhase section */

/* Begin PBXSourcesBuildPhase section */
		727687B81D68594000122644 /* Sources */ = {
			isa = PBXSourcesBuildPhase;
			buildActionMask = 2147483647;
			files = (
				72C7165C1D707C570065AB6B /* LZQuartzBezierView.m in Sources */,
				7256DC021D74088200F51F58 /* LZCALayerView.m in Sources */,
				72C7165D1D707C570065AB6B /* LZQuartzCapJoinWidthView.m in Sources */,
				72C716651D707C570065AB6B /* LZCapJoinWidthViewController.m in Sources */,
				72BE17A61D7183B700EB0B03 /* LZNavigationController.m in Sources */,
				72C7165E1D707C570065AB6B /* LZQuartzDashView.m in Sources */,
				72C7166C1D707C570065AB6B /* LZRectangleView.m in Sources */,
				72C716661D707C570065AB6B /* LZProgressViewController.m in Sources */,
				72C7165A1D707C570065AB6B /* AppDelegate.m in Sources */,
				72C7165B1D707C570065AB6B /* LZQuartzCapJoinWidthViewController.m in Sources */,
				72C716681D707C570065AB6B /* LZCapJoinWidthView.m in Sources */,
				72C716601D707C570065AB6B /* LZQuartzLineView.m in Sources */,
				72BE17AC1D7184AA00EB0B03 /* LZQuartzTextView.m in Sources */,
				72C716671D707C570065AB6B /* LZArcView.m in Sources */,
				72C716611D707C570065AB6B /* LZQuartzPathDrawingModeView.m in Sources */,
				72BE17A91D71849F00EB0B03 /* LZQuartzImageView.m in Sources */,
				7256DC051D740A7700F51F58 /* LZAvatartImageView.m in Sources */,
				72C716781D707D630065AB6B /* LZQuartzView.m in Sources */,
				72C7165F1D707C570065AB6B /* LZQuartzEllipseArcView.m in Sources */,
				72C716641D707C570065AB6B /* main.m in Sources */,
				72C7166A1D707C570065AB6B /* LZLineView.m in Sources */,
				72C7166B1D707C570065AB6B /* LZProgressView.m in Sources */,
				72C716691D707C570065AB6B /* LZCurveView.m in Sources */,
				7256DBEA1D73DD0100F51F58 /* LZQuartzShadowView.m in Sources */,
				72BE179B1D70808E00EB0B03 /* LZQuartzPDFView.m in Sources */,
				72C716621D707C570065AB6B /* LZQuartzRectView.m in Sources */,
			);
			runOnlyForDeploymentPostprocessing = 0;
		};
		727687D11D68594100122644 /* Sources */ = {
			isa = PBXSourcesBuildPhase;
			buildActionMask = 2147483647;
			files = (
				727687DA1D68594100122644 /* Quartz2DTests.m in Sources */,
			);
			runOnlyForDeploymentPostprocessing = 0;
		};
/* End PBXSourcesBuildPhase section */

/* Begin PBXTargetDependency section */
		727687D71D68594100122644 /* PBXTargetDependency */ = {
			isa = PBXTargetDependency;
			target = 727687BB1D68594000122644 /* Quartz2D */;
			targetProxy = 727687D61D68594100122644 /* PBXContainerItemProxy */;
		};
/* End PBXTargetDependency section */

/* Begin XCBuildConfiguration section */
		727687DC1D68594100122644 /* Debug */ = {
			isa = XCBuildConfiguration;
			buildSettings = {
				ALWAYS_SEARCH_USER_PATHS = NO;
				CLANG_ANALYZER_NONNULL = YES;
				CLANG_CXX_LANGUAGE_STANDARD = "gnu++0x";
				CLANG_CXX_LIBRARY = "libc++";
				CLANG_ENABLE_MODULES = YES;
				CLANG_ENABLE_OBJC_ARC = YES;
				CLANG_WARN_BOOL_CONVERSION = YES;
				CLANG_WARN_CONSTANT_CONVERSION = YES;
				CLANG_WARN_DIRECT_OBJC_ISA_USAGE = YES_ERROR;
				CLANG_WARN_EMPTY_BODY = YES;
				CLANG_WARN_ENUM_CONVERSION = YES;
				CLANG_WARN_INT_CONVERSION = YES;
				CLANG_WARN_OBJC_ROOT_CLASS = YES_ERROR;
				CLANG_WARN_UNREACHABLE_CODE = YES;
				CLANG_WARN__DUPLICATE_METHOD_MATCH = YES;
				"CODE_SIGN_IDENTITY[sdk=iphoneos*]" = "iPhone Developer";
				COPY_PHASE_STRIP = NO;
				DEBUG_INFORMATION_FORMAT = dwarf;
				ENABLE_STRICT_OBJC_MSGSEND = YES;
				ENABLE_TESTABILITY = YES;
				GCC_C_LANGUAGE_STANDARD = gnu99;
				GCC_DYNAMIC_NO_PIC = NO;
				GCC_NO_COMMON_BLOCKS = YES;
				GCC_OPTIMIZATION_LEVEL = 0;
				GCC_PREPROCESSOR_DEFINITIONS = (
					"DEBUG=1",
					"$(inherited)",
				);
				GCC_WARN_64_TO_32_BIT_CONVERSION = YES;
				GCC_WARN_ABOUT_RETURN_TYPE = YES_ERROR;
				GCC_WARN_UNDECLARED_SELECTOR = YES;
				GCC_WARN_UNINITIALIZED_AUTOS = YES_AGGRESSIVE;
				GCC_WARN_UNUSED_FUNCTION = YES;
				GCC_WARN_UNUSED_VARIABLE = YES;
				IPHONEOS_DEPLOYMENT_TARGET = 9.3;
				MTL_ENABLE_DEBUG_INFO = YES;
				ONLY_ACTIVE_ARCH = YES;
				SDKROOT = iphoneos;
				TARGETED_DEVICE_FAMILY = "1,2";
			};
			name = Debug;
		};
		727687DD1D68594100122644 /* Release */ = {
			isa = XCBuildConfiguration;
			buildSettings = {
				ALWAYS_SEARCH_USER_PATHS = NO;
				CLANG_ANALYZER_NONNULL = YES;
				CLANG_CXX_LANGUAGE_STANDARD = "gnu++0x";
				CLANG_CXX_LIBRARY = "libc++";
				CLANG_ENABLE_MODULES = YES;
				CLANG_ENABLE_OBJC_ARC = YES;
				CLANG_WARN_BOOL_CONVERSION = YES;
				CLANG_WARN_CONSTANT_CONVERSION = YES;
				CLANG_WARN_DIRECT_OBJC_ISA_USAGE = YES_ERROR;
				CLANG_WARN_EMPTY_BODY = YES;
				CLANG_WARN_ENUM_CONVERSION = YES;
				CLANG_WARN_INT_CONVERSION = YES;
				CLANG_WARN_OBJC_ROOT_CLASS = YES_ERROR;
				CLANG_WARN_UNREACHABLE_CODE = YES;
				CLANG_WARN__DUPLICATE_METHOD_MATCH = YES;
				"CODE_SIGN_IDENTITY[sdk=iphoneos*]" = "iPhone Developer";
				COPY_PHASE_STRIP = NO;
				DEBUG_INFORMATION_FORMAT = "dwarf-with-dsym";
				ENABLE_NS_ASSERTIONS = NO;
				ENABLE_STRICT_OBJC_MSGSEND = YES;
				GCC_C_LANGUAGE_STANDARD = gnu99;
				GCC_NO_COMMON_BLOCKS = YES;
				GCC_WARN_64_TO_32_BIT_CONVERSION = YES;
				GCC_WARN_ABOUT_RETURN_TYPE = YES_ERROR;
				GCC_WARN_UNDECLARED_SELECTOR = YES;
				GCC_WARN_UNINITIALIZED_AUTOS = YES_AGGRESSIVE;
				GCC_WARN_UNUSED_FUNCTION = YES;
				GCC_WARN_UNUSED_VARIABLE = YES;
				IPHONEOS_DEPLOYMENT_TARGET = 9.3;
				MTL_ENABLE_DEBUG_INFO = NO;
				SDKROOT = iphoneos;
				TARGETED_DEVICE_FAMILY = "1,2";
				VALIDATE_PRODUCT = YES;
			};
			name = Release;
		};
		727687DF1D68594100122644 /* Debug */ = {
			isa = XCBuildConfiguration;
			buildSettings = {
				ASSETCATALOG_COMPILER_APPICON_NAME = AppIcon;
				CLANG_ENABLE_MODULES = YES;
				INFOPLIST_FILE = "$(SRCROOT)/Quartz2D/Resources/Info.plist";
				IPHONEOS_DEPLOYMENT_TARGET = 9.3;
				LD_RUNPATH_SEARCH_PATHS = "$(inherited) @executable_path/Frameworks";
				PRODUCT_BUNDLE_IDENTIFIER = com.lucasleelz.Quartz2D;
				PRODUCT_NAME = "$(TARGET_NAME)";
				SWIFT_OBJC_BRIDGING_HEADER = "Quartz2D/CGPathRef/Views/Quartz2D-Bridging-Header.h";
				SWIFT_OPTIMIZATION_LEVEL = "-Onone";
			};
			name = Debug;
		};
		727687E01D68594100122644 /* Release */ = {
			isa = XCBuildConfiguration;
			buildSettings = {
				ASSETCATALOG_COMPILER_APPICON_NAME = AppIcon;
				CLANG_ENABLE_MODULES = YES;
				INFOPLIST_FILE = "$(SRCROOT)/Quartz2D/Resources/Info.plist";
				IPHONEOS_DEPLOYMENT_TARGET = 9.3;
				LD_RUNPATH_SEARCH_PATHS = "$(inherited) @executable_path/Frameworks";
				PRODUCT_BUNDLE_IDENTIFIER = com.lucasleelz.Quartz2D;
				PRODUCT_NAME = "$(TARGET_NAME)";
				SWIFT_OBJC_BRIDGING_HEADER = "Quartz2D/CGPathRef/Views/Quartz2D-Bridging-Header.h";
			};
			name = Release;
		};
		727687E21D68594100122644 /* Debug */ = {
			isa = XCBuildConfiguration;
			buildSettings = {
				BUNDLE_LOADER = "$(TEST_HOST)";
				INFOPLIST_FILE = Quartz2DTests/Info.plist;
				LD_RUNPATH_SEARCH_PATHS = "$(inherited) @executable_path/Frameworks @loader_path/Frameworks";
				PRODUCT_BUNDLE_IDENTIFIER = com.lucasleelz.Quartz2DTests;
				PRODUCT_NAME = "$(TARGET_NAME)";
				TEST_HOST = "$(BUILT_PRODUCTS_DIR)/Quartz2D.app/Quartz2D";
			};
			name = Debug;
		};
		727687E31D68594100122644 /* Release */ = {
			isa = XCBuildConfiguration;
			buildSettings = {
				BUNDLE_LOADER = "$(TEST_HOST)";
				INFOPLIST_FILE = Quartz2DTests/Info.plist;
				LD_RUNPATH_SEARCH_PATHS = "$(inherited) @executable_path/Frameworks @loader_path/Frameworks";
				PRODUCT_BUNDLE_IDENTIFIER = com.lucasleelz.Quartz2DTests;
				PRODUCT_NAME = "$(TARGET_NAME)";
				TEST_HOST = "$(BUILT_PRODUCTS_DIR)/Quartz2D.app/Quartz2D";
			};
			name = Release;
		};
/* End XCBuildConfiguration section */

/* Begin XCConfigurationList section */
		727687B71D68594000122644 /* Build configuration list for PBXProject "Quartz2D" */ = {
			isa = XCConfigurationList;
			buildConfigurations = (
				727687DC1D68594100122644 /* Debug */,
				727687DD1D68594100122644 /* Release */,
			);
			defaultConfigurationIsVisible = 0;
			defaultConfigurationName = Release;
		};
		727687DE1D68594100122644 /* Build configuration list for PBXNativeTarget "Quartz2D" */ = {
			isa = XCConfigurationList;
			buildConfigurations = (
				727687DF1D68594100122644 /* Debug */,
				727687E01D68594100122644 /* Release */,
			);
			defaultConfigurationIsVisible = 0;
			defaultConfigurationName = Release;
		};
		727687E11D68594100122644 /* Build configuration list for PBXNativeTarget "Quartz2DTests" */ = {
			isa = XCConfigurationList;
			buildConfigurations = (
				727687E21D68594100122644 /* Debug */,
				727687E31D68594100122644 /* Release */,
			);
			defaultConfigurationIsVisible = 0;
			defaultConfigurationName = Release;
		};
/* End XCConfigurationList section */
	};
	rootObject = 727687B41D68594000122644 /* Project object */;
}
